// !$*UTF8*$!
{
	archiveVersion = 1;
	classes = {
	};
	objectVersion = 46;
	objects = {

/* Begin PBXBuildFile section */
		9C7B4FEF1D265596004A1DA0 /* AppDelegate.swift in Sources */ = {isa = PBXBuildFile; fileRef = 9C7B4FEE1D265596004A1DA0 /* AppDelegate.swift */; };
		9C7B4FF61D265596004A1DA0 /* Assets.xcassets in Resources */ = {isa = PBXBuildFile; fileRef = 9C7B4FF51D265596004A1DA0 /* Assets.xcassets */; };
		9C7B50011D2655E3004A1DA0 /* HXHomeViewController.swift in Sources */ = {isa = PBXBuildFile; fileRef = 9C7B50001D2655E3004A1DA0 /* HXHomeViewController.swift */; };
		9C7B50031D26619F004A1DA0 /* HXUILabelViewController.swift in Sources */ = {isa = PBXBuildFile; fileRef = 9C7B50021D26619F004A1DA0 /* HXUILabelViewController.swift */; };
		E4E9F9A71D2F393100993422 /* HXUIButtonViewController.swift in Sources */ = {isa = PBXBuildFile; fileRef = E4E9F9A61D2F393100993422 /* HXUIButtonViewController.swift */; };
		E4E9F9AA1D2F406100993422 /* HXUIImageViewViewController.swift in Sources */ = {isa = PBXBuildFile; fileRef = E4E9F9A91D2F406100993422 /* HXUIImageViewViewController.swift */; };
/* End PBXBuildFile section */

/* Begin PBXFileReference section */
		9C7B4FEB1D265596004A1DA0 /* HXSwiftStudyDemo.app */ = {isa = PBXFileReference; explicitFileType = wrapper.application; includeInIndex = 0; path = HXSwiftStudyDemo.app; sourceTree = BUILT_PRODUCTS_DIR; };
		9C7B4FEE1D265596004A1DA0 /* AppDelegate.swift */ = {isa = PBXFileReference; lastKnownFileType = sourcecode.swift; path = AppDelegate.swift; sourceTree = "<group>"; };
		9C7B4FF51D265596004A1DA0 /* Assets.xcassets */ = {isa = PBXFileReference; lastKnownFileType = folder.assetcatalog; path = Assets.xcassets; sourceTree = "<group>"; };
		9C7B4FFA1D265596004A1DA0 /* Info.plist */ = {isa = PBXFileReference; lastKnownFileType = text.plist.xml; path = Info.plist; sourceTree = "<group>"; };
		9C7B50001D2655E3004A1DA0 /* HXHomeViewController.swift */ = {isa = PBXFileReference; fileEncoding = 4; lastKnownFileType = sourcecode.swift; path = HXHomeViewController.swift; sourceTree = "<group>"; };
		9C7B50021D26619F004A1DA0 /* HXUILabelViewController.swift */ = {isa = PBXFileReference; fileEncoding = 4; lastKnownFileType = sourcecode.swift; path = HXUILabelViewController.swift; sourceTree = "<group>"; };
		E4E9F9A61D2F393100993422 /* HXUIButtonViewController.swift */ = {isa = PBXFileReference; fileEncoding = 4; lastKnownFileType = sourcecode.swift; path = HXUIButtonViewController.swift; sourceTree = "<group>"; };
		E4E9F9A91D2F406100993422 /* HXUIImageViewViewController.swift */ = {isa = PBXFileReference; fileEncoding = 4; lastKnownFileType = sourcecode.swift; path = HXUIImageViewViewController.swift; sourceTree = "<group>"; };
/* End PBXFileReference section */

/* Begin PBXFrameworksBuildPhase section */
		9C7B4FE81D265596004A1DA0 /* Frameworks */ = {
			isa = PBXFrameworksBuildPhase;
			buildActionMask = 2147483647;
			files = (
			);
			runOnlyForDeploymentPostprocessing = 0;
		};
/* End PBXFrameworksBuildPhase section */

/* Begin PBXGroup section */
		9C7B4FE21D265596004A1DA0 = {
			isa = PBXGroup;
			children = (
				9C7B4FED1D265596004A1DA0 /* HXSwiftStudyDemo */,
				9C7B4FEC1D265596004A1DA0 /* Products */,
			);
			sourceTree = "<group>";
		};
		9C7B4FEC1D265596004A1DA0 /* Products */ = {
			isa = PBXGroup;
			children = (
				9C7B4FEB1D265596004A1DA0 /* HXSwiftStudyDemo.app */,
			);
			name = Products;
			sourceTree = "<group>";
		};
		9C7B4FED1D265596004A1DA0 /* HXSwiftStudyDemo */ = {
			isa = PBXGroup;
			children = (
				9C7B4FEE1D265596004A1DA0 /* AppDelegate.swift */,
				9C7B50061D266EC5004A1DA0 /* UITableView */,
				9C7B50041D2661A6004A1DA0 /* UILabel */,
				9C7B50051D266EA9004A1DA0 /* UIButton */,
				E4E9F9A81D2F403E00993422 /* UIImageView */,
				9C7B4FF51D265596004A1DA0 /* Assets.xcassets */,
				9C7B4FFA1D265596004A1DA0 /* Info.plist */,
			);
			path = HXSwiftStudyDemo;
			sourceTree = "<group>";
		};
		9C7B50041D2661A6004A1DA0 /* UILabel */ = {
			isa = PBXGroup;
			children = (
				9C7B50021D26619F004A1DA0 /* HXUILabelViewController.swift */,
			);
			name = UILabel;
			sourceTree = "<group>";
		};
		9C7B50051D266EA9004A1DA0 /* UIButton */ = {
			isa = PBXGroup;
			children = (
				E4E9F9A61D2F393100993422 /* HXUIButtonViewController.swift */,
			);
			name = UIButton;
			sourceTree = "<group>";
		};
		9C7B50061D266EC5004A1DA0 /* UITableView */ = {
			isa = PBXGroup;
			children = (
				9C7B50001D2655E3004A1DA0 /* HXHomeViewController.swift */,
			);
			name = UITableView;
			sourceTree = "<group>";
		};
		E4E9F9A81D2F403E00993422 /* UIImageView */ = {
			isa = PBXGroup;
			children = (
				E4E9F9A91D2F406100993422 /* HXUIImageViewViewController.swift */,
			);
			name = UIImageView;
			sourceTree = "<group>";
		};
/* End PBXGroup section */

/* Begin PBXNativeTarget section */
		9C7B4FEA1D265596004A1DA0 /* HXSwiftStudyDemo */ = {
			isa = PBXNativeTarget;
			buildConfigurationList = 9C7B4FFD1D265596004A1DA0 /* Build configuration list for PBXNativeTarget "HXSwiftStudyDemo" */;
			buildPhases = (
				9C7B4FE71D265596004A1DA0 /* Sources */,
				9C7B4FE81D265596004A1DA0 /* Frameworks */,
				9C7B4FE91D265596004A1DA0 /* Resources */,
			);
			buildRules = (
			);
			dependencies = (
			);
			name = HXSwiftStudyDemo;
			productName = SwiftDemo;
			productReference = 9C7B4FEB1D265596004A1DA0 /* HXSwiftStudyDemo.app */;
			productType = "com.apple.product-type.application";
		};
/* End PBXNativeTarget section */

/* Begin PBXProject section */
		9C7B4FE31D265596004A1DA0 /* Project object */ = {
			isa = PBXProject;
			attributes = {
				LastSwiftUpdateCheck = 0720;
				LastUpgradeCheck = 0720;
				ORGANIZATIONNAME = "黄轩";
				TargetAttributes = {
					9C7B4FEA1D265596004A1DA0 = {
						CreatedOnToolsVersion = 7.2.1;
					};
				};
			};
			buildConfigurationList = 9C7B4FE61D265596004A1DA0 /* Build configuration list for PBXProject "HXSwiftStudyDemo" */;
			compatibilityVersion = "Xcode 3.2";
			developmentRegion = English;
			hasScannedForEncodings = 0;
			knownRegions = (
				en,
				Base,
			);
			mainGroup = 9C7B4FE21D265596004A1DA0;
			productRefGroup = 9C7B4FEC1D265596004A1DA0 /* Products */;
			projectDirPath = "";
			projectRoot = "";
			targets = (
				9C7B4FEA1D265596004A1DA0 /* HXSwiftStudyDemo */,
			);
		};
/* End PBXProject section */

/* Begin PBXResourcesBuildPhase section */
		9C7B4FE91D265596004A1DA0 /* Resources */ = {
			isa = PBXResourcesBuildPhase;
			buildActionMask = 2147483647;
			files = (
				9C7B4FF61D265596004A1DA0 /* Assets.xcassets in Resources */,
			);
			runOnlyForDeploymentPostprocessing = 0;
		};
/* End PBXResourcesBuildPhase section */

/* Begin PBXSourcesBuildPhase section */
		9C7B4FE71D265596004A1DA0 /* Sources */ = {
			isa = PBXSourcesBuildPhase;
			buildActionMask = 2147483647;
			files = (
				9C7B50031D26619F004A1DA0 /* HXUILabelViewController.swift in Sources */,
				E4E9F9AA1D2F406100993422 /* HXUIImageViewViewController.swift in Sources */,
				9C7B50011D2655E3004A1DA0 /* HXHomeViewController.swift in Sources */,
				E4E9F9A71D2F393100993422 /* HXUIButtonViewController.swift in Sources */,
				9C7B4FEF1D265596004A1DA0 /* AppDelegate.swift in Sources */,
			);
			runOnlyForDeploymentPostprocessing = 0;
		};
/* End PBXSourcesBuildPhase section */

/* Begin XCBuildConfiguration section */
		9C7B4FFB1D265596004A1DA0 /* Debug */ = {
			isa = XCBuildConfiguration;
			buildSettings = {
				ALWAYS_SEARCH_USER_PATHS = NO;
				CLANG_CXX_LANGUAGE_STANDARD = "gnu++0x";
				CLANG_CXX_LIBRARY = "libc++";
				CLANG_ENABLE_MODULES = YES;
				CLANG_ENABLE_OBJC_ARC = YES;
				CLANG_WARN_BOOL_CONVERSION = YES;
				CLANG_WARN_CONSTANT_CONVERSION = YES;
				CLANG_WARN_DIRECT_OBJC_ISA_USAGE = YES_ERROR;
				CLANG_WARN_EMPTY_BODY = YES;
				CLANG_WARN_ENUM_CONVERSION = YES;
				CLANG_WARN_INT_CONVERSION = YES;
				CLANG_WARN_OBJC_ROOT_CLASS = YES_ERROR;
				CLANG_WARN_UNREACHABLE_CODE = YES;
				CLANG_WARN__DUPLICATE_METHOD_MATCH = YES;
				"CODE_SIGN_IDENTITY[sdk=iphoneos*]" = "iPhone Developer";
				COPY_PHASE_STRIP = NO;
				DEBUG_INFORMATION_FORMAT = dwarf;
				ENABLE_STRICT_OBJC_MSGSEND = YES;
				ENABLE_TESTABILITY = YES;
				GCC_C_LANGUAGE_STANDARD = gnu99;
				GCC_DYNAMIC_NO_PIC = NO;
				GCC_NO_COMMON_BLOCKS = YES;
				GCC_OPTIMIZATION_LEVEL = 0;
				GCC_PREPROCESSOR_DEFINITIONS = (
					"DEBUG=1",
					"$(inherited)",
				);
				GCC_WARN_64_TO_32_BIT_CONVERSION = YES;
				GCC_WARN_ABOUT_RETURN_TYPE = YES_ERROR;
				GCC_WARN_UNDECLARED_SELECTOR = YES;
				GCC_WARN_UNINITIALIZED_AUTOS = YES_AGGRESSIVE;
				GCC_WARN_UNUSED_FUNCTION = YES;
				GCC_WARN_UNUSED_VARIABLE = YES;
				IPHONEOS_DEPLOYMENT_TARGET = 9.2;
				MTL_ENABLE_DEBUG_INFO = YES;
				ONLY_ACTIVE_ARCH = YES;
				SDKROOT = iphoneos;
				SWIFT_OPTIMIZATION_LEVEL = "-Onone";
			};
			name = Debug;
		};
		9C7B4FFC1D265596004A1DA0 /* Release */ = {
			isa = XCBuildConfiguration;
			buildSettings = {
				ALWAYS_SEARCH_USER_PATHS = NO;
				CLANG_CXX_LANGUAGE_STANDARD = "gnu++0x";
				CLANG_CXX_LIBRARY = "libc++";
				CLANG_ENABLE_MODULES = YES;
				CLANG_ENABLE_OBJC_ARC = YES;
				CLANG_WARN_BOOL_CONVERSION = YES;
				CLANG_WARN_CONSTANT_CONVERSION = YES;
				CLANG_WARN_DIRECT_OBJC_ISA_USAGE = YES_ERROR;
				CLANG_WARN_EMPTY_BODY = YES;
				CLANG_WARN_ENUM_CONVERSION = YES;
				CLANG_WARN_INT_CONVERSION = YES;
				CLANG_WARN_OBJC_ROOT_CLASS = YES_ERROR;
				CLANG_WARN_UNREACHABLE_CODE = YES;
				CLANG_WARN__DUPLICATE_METHOD_MATCH = YES;
				"CODE_SIGN_IDENTITY[sdk=iphoneos*]" = "iPhone Developer";
				COPY_PHASE_STRIP = NO;
				DEBUG_INFORMATION_FORMAT = "dwarf-with-dsym";
				ENABLE_NS_ASSERTIONS = NO;
				ENABLE_STRICT_OBJC_MSGSEND = YES;
				GCC_C_LANGUAGE_STANDARD = gnu99;
				GCC_NO_COMMON_BLOCKS = YES;
				GCC_WARN_64_TO_32_BIT_CONVERSION = YES;
				GCC_WARN_ABOUT_RETURN_TYPE = YES_ERROR;
				GCC_WARN_UNDECLARED_SELECTOR = YES;
				GCC_WARN_UNINITIALIZED_AUTOS = YES_AGGRESSIVE;
				GCC_WARN_UNUSED_FUNCTION = YES;
				GCC_WARN_UNUSED_VARIABLE = YES;
				IPHONEOS_DEPLOYMENT_TARGET = 9.2;
				MTL_ENABLE_DEBUG_INFO = NO;
				SDKROOT = iphoneos;
				VALIDATE_PRODUCT = YES;
			};
			name = Release;
		};
		9C7B4FFE1D265596004A1DA0 /* Debug */ = {
			isa = XCBuildConfiguration;
			buildSettings = {
				ASSETCATALOG_COMPILER_APPICON_NAME = AppIcon;
				ASSETCATALOG_COMPILER_LAUNCHIMAGE_NAME = LaunchImage;
				INFOPLIST_FILE = HXSwiftStudyDemo/Info.plist;
				LD_RUNPATH_SEARCH_PATHS = "$(inherited) @executable_path/Frameworks";
				PRODUCT_BUNDLE_IDENTIFIER = blog.libuqing.com.SwiftDemo;
				PRODUCT_NAME = HXSwiftStudyDemo;
			};
			name = Debug;
		};
		9C7B4FFF1D265596004A1DA0 /* Release */ = {
			isa = XCBuildConfiguration;
			buildSettings = {
				ASSETCATALOG_COMPILER_APPICON_NAME = AppIcon;
				ASSETCATALOG_COMPILER_LAUNCHIMAGE_NAME = LaunchImage;
				INFOPLIST_FILE = HXSwiftStudyDemo/Info.plist;
				LD_RUNPATH_SEARCH_PATHS = "$(inherited) @executable_path/Frameworks";
				PRODUCT_BUNDLE_IDENTIFIER = blog.libuqing.com.SwiftDemo;
				PRODUCT_NAME = HXSwiftStudyDemo;
			};
			name = Release;
		};
/* End XCBuildConfiguration section */

/* Begin XCConfigurationList section */
		9C7B4FE61D265596004A1DA0 /* Build configuration list for PBXProject "HXSwiftStudyDemo" */ = {
			isa = XCConfigurationList;
			buildConfigurations = (
				9C7B4FFB1D265596004A1DA0 /* Debug */,
				9C7B4FFC1D265596004A1DA0 /* Release */,
			);
			defaultConfigurationIsVisible = 0;
			defaultConfigurationName = Release;
		};
		9C7B4FFD1D265596004A1DA0 /* Build configuration list for PBXNativeTarget "HXSwiftStudyDemo" */ = {
			isa = XCConfigurationList;
			buildConfigurations = (
				9C7B4FFE1D265596004A1DA0 /* Debug */,
				9C7B4FFF1D265596004A1DA0 /* Release */,
			);
			defaultConfigurationIsVisible = 0;
			defaultConfigurationName = Release;
		};
/* End XCConfigurationList section */
	};
	rootObject = 9C7B4FE31D265596004A1DA0 /* Project object */;
}
